// !$*UTF8*$!
{
	archiveVersion = 1;
	classes = {
	};
	objectVersion = 46;
	objects = {

/* Begin PBXBuildFile section */
		9FB75AB61FA891BC00F1793E /* AppDelegate.swift in Sources */ = {isa = PBXBuildFile; fileRef = 9FB75AB51FA891BC00F1793E /* AppDelegate.swift */; };
		9FB75AB81FA891BC00F1793E /* ViewController.swift in Sources */ = {isa = PBXBuildFile; fileRef = 9FB75AB71FA891BC00F1793E /* ViewController.swift */; };
		9FB75ABB1FA891BC00F1793E /* Main.storyboard in Resources */ = {isa = PBXBuildFile; fileRef = 9FB75AB91FA891BC00F1793E /* Main.storyboard */; };
		9FB75ABD1FA891BC00F1793E /* Assets.xcassets in Resources */ = {isa = PBXBuildFile; fileRef = 9FB75ABC1FA891BC00F1793E /* Assets.xcassets */; };
		9FB75AC01FA891BC00F1793E /* LaunchScreen.storyboard in Resources */ = {isa = PBXBuildFile; fileRef = 9FB75ABE1FA891BC00F1793E /* LaunchScreen.storyboard */; };
		9FB75ACD1FA8933900F1793E /* NewsTableViewController.swift in Sources */ = {isa = PBXBuildFile; fileRef = 9FB75ACC1FA8933900F1793E /* NewsTableViewController.swift */; };
		9FB75AD01FA8935400F1793E /* NewsTableViewCell.swift in Sources */ = {isa = PBXBuildFile; fileRef = 9FB75ACE1FA8935400F1793E /* NewsTableViewCell.swift */; };
		9FB75AD11FA8935400F1793E /* NewsTableViewCell.xib in Resources */ = {isa = PBXBuildFile; fileRef = 9FB75ACF1FA8935400F1793E /* NewsTableViewCell.xib */; };
		9FB75AD41FA899A400F1793E /* NewsApi.swift in Sources */ = {isa = PBXBuildFile; fileRef = 9FB75AD31FA899A400F1793E /* NewsApi.swift */; };
		9FB75AD61FA8AA2000F1793E /* SourceObject.swift in Sources */ = {isa = PBXBuildFile; fileRef = 9FB75AD51FA8AA2000F1793E /* SourceObject.swift */; };
		9FB75AD81FA8BE5B00F1793E /* Article.swift in Sources */ = {isa = PBXBuildFile; fileRef = 9FB75AD71FA8BE5B00F1793E /* Article.swift */; };
		E6E920E73DD7CC061610A663 /* Pods_WorldNews.framework in Frameworks */ = {isa = PBXBuildFile; fileRef = D44BD24EC9B5F78F562FC58D /* Pods_WorldNews.framework */; };
/* End PBXBuildFile section */

/* Begin PBXFileReference section */
		46D5294466EAEA32763FDCB7 /* Pods-WorldNews.debug.xcconfig */ = {isa = PBXFileReference; includeInIndex = 1; lastKnownFileType = text.xcconfig; name = "Pods-WorldNews.debug.xcconfig"; path = "Pods/Target Support Files/Pods-WorldNews/Pods-WorldNews.debug.xcconfig"; sourceTree = "<group>"; };
		5F2A3451720BCE2A06ED7CE4 /* Pods-WorldNews.release.xcconfig */ = {isa = PBXFileReference; includeInIndex = 1; lastKnownFileType = text.xcconfig; name = "Pods-WorldNews.release.xcconfig"; path = "Pods/Target Support Files/Pods-WorldNews/Pods-WorldNews.release.xcconfig"; sourceTree = "<group>"; };
		9FB75AB21FA891BC00F1793E /* WorldNews.app */ = {isa = PBXFileReference; explicitFileType = wrapper.application; includeInIndex = 0; path = WorldNews.app; sourceTree = BUILT_PRODUCTS_DIR; };
		9FB75AB51FA891BC00F1793E /* AppDelegate.swift */ = {isa = PBXFileReference; lastKnownFileType = sourcecode.swift; path = AppDelegate.swift; sourceTree = "<group>"; };
		9FB75AB71FA891BC00F1793E /* ViewController.swift */ = {isa = PBXFileReference; lastKnownFileType = sourcecode.swift; path = ViewController.swift; sourceTree = "<group>"; };
		9FB75ABA1FA891BC00F1793E /* Base */ = {isa = PBXFileReference; lastKnownFileType = file.storyboard; name = Base; path = Base.lproj/Main.storyboard; sourceTree = "<group>"; };
		9FB75ABC1FA891BC00F1793E /* Assets.xcassets */ = {isa = PBXFileReference; lastKnownFileType = folder.assetcatalog; path = Assets.xcassets; sourceTree = "<group>"; };
		9FB75ABF1FA891BC00F1793E /* Base */ = {isa = PBXFileReference; lastKnownFileType = file.storyboard; name = Base; path = Base.lproj/LaunchScreen.storyboard; sourceTree = "<group>"; };
		9FB75AC11FA891BC00F1793E /* Info.plist */ = {isa = PBXFileReference; lastKnownFileType = text.plist.xml; path = Info.plist; sourceTree = "<group>"; };
		9FB75ACC1FA8933900F1793E /* NewsTableViewController.swift */ = {isa = PBXFileReference; fileEncoding = 4; lastKnownFileType = sourcecode.swift; path = NewsTableViewController.swift; sourceTree = "<group>"; };
		9FB75ACE1FA8935400F1793E /* NewsTableViewCell.swift */ = {isa = PBXFileReference; fileEncoding = 4; lastKnownFileType = sourcecode.swift; path = NewsTableViewCell.swift; sourceTree = "<group>"; };
		9FB75ACF1FA8935400F1793E /* NewsTableViewCell.xib */ = {isa = PBXFileReference; fileEncoding = 4; lastKnownFileType = file.xib; path = NewsTableViewCell.xib; sourceTree = "<group>"; };
		9FB75AD31FA899A400F1793E /* NewsApi.swift */ = {isa = PBXFileReference; fileEncoding = 4; lastKnownFileType = sourcecode.swift; path = NewsApi.swift; sourceTree = "<group>"; };
		9FB75AD51FA8AA2000F1793E /* SourceObject.swift */ = {isa = PBXFileReference; fileEncoding = 4; lastKnownFileType = sourcecode.swift; path = SourceObject.swift; sourceTree = "<group>"; };
		9FB75AD71FA8BE5B00F1793E /* Article.swift */ = {isa = PBXFileReference; fileEncoding = 4; lastKnownFileType = sourcecode.swift; path = Article.swift; sourceTree = "<group>"; };
		D44BD24EC9B5F78F562FC58D /* Pods_WorldNews.framework */ = {isa = PBXFileReference; explicitFileType = wrapper.framework; includeInIndex = 0; path = Pods_WorldNews.framework; sourceTree = BUILT_PRODUCTS_DIR; };
/* End PBXFileReference section */

/* Begin PBXFrameworksBuildPhase section */
		9FB75AAF1FA891BC00F1793E /* Frameworks */ = {
			isa = PBXFrameworksBuildPhase;
			buildActionMask = 2147483647;
			files = (
				E6E920E73DD7CC061610A663 /* Pods_WorldNews.framework in Frameworks */,
			);
			runOnlyForDeploymentPostprocessing = 0;
		};
/* End PBXFrameworksBuildPhase section */

/* Begin PBXGroup section */
		6A2161D30F5D061990E5223B /* Pods */ = {
			isa = PBXGroup;
			children = (
				46D5294466EAEA32763FDCB7 /* Pods-WorldNews.debug.xcconfig */,
				5F2A3451720BCE2A06ED7CE4 /* Pods-WorldNews.release.xcconfig */,
			);
			name = Pods;
			sourceTree = "<group>";
		};
		9FB75AA91FA891BC00F1793E = {
			isa = PBXGroup;
			children = (
				9FB75AB41FA891BC00F1793E /* WorldNews */,
				9FB75AB31FA891BC00F1793E /* Products */,
				6A2161D30F5D061990E5223B /* Pods */,
				CDA0FCF33CA7A08280F70637 /* Frameworks */,
			);
			sourceTree = "<group>";
		};
		9FB75AB31FA891BC00F1793E /* Products */ = {
			isa = PBXGroup;
			children = (
				9FB75AB21FA891BC00F1793E /* WorldNews.app */,
			);
			name = Products;
			sourceTree = "<group>";
		};
		9FB75AB41FA891BC00F1793E /* WorldNews */ = {
			isa = PBXGroup;
			children = (
				9FB75AD21FA8995000F1793E /* NewsApi */,
				9FB75AC71FA8928E00F1793E /* Controllers */,
				9FB75AB51FA891BC00F1793E /* AppDelegate.swift */,
				9FB75AB71FA891BC00F1793E /* ViewController.swift */,
				9FB75AB91FA891BC00F1793E /* Main.storyboard */,
				9FB75ABC1FA891BC00F1793E /* Assets.xcassets */,
				9FB75ABE1FA891BC00F1793E /* LaunchScreen.storyboard */,
				9FB75AC11FA891BC00F1793E /* Info.plist */,
			);
			path = WorldNews;
			sourceTree = "<group>";
		};
		9FB75AC71FA8928E00F1793E /* Controllers */ = {
			isa = PBXGroup;
			children = (
				9FB75ACC1FA8933900F1793E /* NewsTableViewController.swift */,
				9FB75ACE1FA8935400F1793E /* NewsTableViewCell.swift */,
				9FB75ACF1FA8935400F1793E /* NewsTableViewCell.xib */,
			);
			path = Controllers;
			sourceTree = "<group>";
		};
		9FB75AD21FA8995000F1793E /* NewsApi */ = {
			isa = PBXGroup;
			children = (
				9FB75AD31FA899A400F1793E /* NewsApi.swift */,
				9FB75AD51FA8AA2000F1793E /* SourceObject.swift */,
				9FB75AD71FA8BE5B00F1793E /* Article.swift */,
			);
			path = NewsApi;
			sourceTree = "<group>";
		};
		CDA0FCF33CA7A08280F70637 /* Frameworks */ = {
			isa = PBXGroup;
			children = (
				D44BD24EC9B5F78F562FC58D /* Pods_WorldNews.framework */,
			);
			name = Frameworks;
			sourceTree = "<group>";
		};
/* End PBXGroup section */

/* Begin PBXNativeTarget section */
		9FB75AB11FA891BC00F1793E /* WorldNews */ = {
			isa = PBXNativeTarget;
			buildConfigurationList = 9FB75AC41FA891BC00F1793E /* Build configuration list for PBXNativeTarget "WorldNews" */;
			buildPhases = (
				4E5D93955DC66599B69E95B9 /* [CP] Check Pods Manifest.lock */,
				9FB75AAE1FA891BC00F1793E /* Sources */,
				9FB75AAF1FA891BC00F1793E /* Frameworks */,
				9FB75AB01FA891BC00F1793E /* Resources */,
				36CFC1A0DA165BFE07B32131 /* [CP] Embed Pods Frameworks */,
				10D323DB21F59E88247A0956 /* [CP] Copy Pods Resources */,
			);
			buildRules = (
			);
			dependencies = (
			);
			name = WorldNews;
			productName = WorldNews;
			productReference = 9FB75AB21FA891BC00F1793E /* WorldNews.app */;
			productType = "com.apple.product-type.application";
		};
/* End PBXNativeTarget section */

/* Begin PBXProject section */
		9FB75AAA1FA891BC00F1793E /* Project object */ = {
			isa = PBXProject;
			attributes = {
				LastSwiftUpdateCheck = 0830;
				LastUpgradeCheck = 0830;
				ORGANIZATIONNAME = ba9nist;
				TargetAttributes = {
					9FB75AB11FA891BC00F1793E = {
						CreatedOnToolsVersion = 8.3.3;
						ProvisioningStyle = Automatic;
					};
				};
			};
			buildConfigurationList = 9FB75AAD1FA891BC00F1793E /* Build configuration list for PBXProject "WorldNews" */;
			compatibilityVersion = "Xcode 3.2";
			developmentRegion = English;
			hasScannedForEncodings = 0;
			knownRegions = (
				en,
				Base,
			);
			mainGroup = 9FB75AA91FA891BC00F1793E;
			productRefGroup = 9FB75AB31FA891BC00F1793E /* Products */;
			projectDirPath = "";
			projectRoot = "";
			targets = (
				9FB75AB11FA891BC00F1793E /* WorldNews */,
			);
		};
/* End PBXProject section */

/* Begin PBXResourcesBuildPhase section */
		9FB75AB01FA891BC00F1793E /* Resources */ = {
			isa = PBXResourcesBuildPhase;
			buildActionMask = 2147483647;
			files = (
				9FB75AC01FA891BC00F1793E /* LaunchScreen.storyboard in Resources */,
				9FB75ABD1FA891BC00F1793E /* Assets.xcassets in Resources */,
				9FB75AD11FA8935400F1793E /* NewsTableViewCell.xib in Resources */,
				9FB75ABB1FA891BC00F1793E /* Main.storyboard in Resources */,
			);
			runOnlyForDeploymentPostprocessing = 0;
		};
/* End PBXResourcesBuildPhase section */

/* Begin PBXShellScriptBuildPhase section */
		10D323DB21F59E88247A0956 /* [CP] Copy Pods Resources */ = {
			isa = PBXShellScriptBuildPhase;
			buildActionMask = 2147483647;
			files = (
			);
			inputPaths = (
			);
			name = "[CP] Copy Pods Resources";
			outputPaths = (
			);
			runOnlyForDeploymentPostprocessing = 0;
			shellPath = /bin/sh;
			shellScript = "\"${SRCROOT}/Pods/Target Support Files/Pods-WorldNews/Pods-WorldNews-resources.sh\"\n";
			showEnvVarsInLog = 0;
		};
		36CFC1A0DA165BFE07B32131 /* [CP] Embed Pods Frameworks */ = {
			isa = PBXShellScriptBuildPhase;
			buildActionMask = 2147483647;
			files = (
			);
			inputPaths = (
			);
			name = "[CP] Embed Pods Frameworks";
			outputPaths = (
			);
			runOnlyForDeploymentPostprocessing = 0;
			shellPath = /bin/sh;
			shellScript = "\"${SRCROOT}/Pods/Target Support Files/Pods-WorldNews/Pods-WorldNews-frameworks.sh\"\n";
			showEnvVarsInLog = 0;
		};
		4E5D93955DC66599B69E95B9 /* [CP] Check Pods Manifest.lock */ = {
			isa = PBXShellScriptBuildPhase;
			buildActionMask = 2147483647;
			files = (
			);
			inputPaths = (
			);
			name = "[CP] Check Pods Manifest.lock";
			outputPaths = (
			);
			runOnlyForDeploymentPostprocessing = 0;
			shellPath = /bin/sh;
			shellScript = "diff \"${PODS_ROOT}/../Podfile.lock\" \"${PODS_ROOT}/Manifest.lock\" > /dev/null\nif [ $? != 0 ] ; then\n    # print error to STDERR\n    echo \"error: The sandbox is not in sync with the Podfile.lock. Run 'pod install' or update your CocoaPods installation.\" >&2\n    exit 1\nfi\n";
			showEnvVarsInLog = 0;
		};
/* End PBXShellScriptBuildPhase section */

/* Begin PBXSourcesBuildPhase section */
		9FB75AAE1FA891BC00F1793E /* Sources */ = {
			isa = PBXSourcesBuildPhase;
			buildActionMask = 2147483647;
			files = (
				9FB75AD81FA8BE5B00F1793E /* Article.swift in Sources */,
				9FB75AB81FA891BC00F1793E /* ViewController.swift in Sources */,
				9FB75AB61FA891BC00F1793E /* AppDelegate.swift in Sources */,
				9FB75AD01FA8935400F1793E /* NewsTableViewCell.swift in Sources */,
				9FB75ACD1FA8933900F1793E /* NewsTableViewController.swift in Sources */,
				9FB75AD41FA899A400F1793E /* NewsApi.swift in Sources */,
				9FB75AD61FA8AA2000F1793E /* SourceObject.swift in Sources */,
			);
			runOnlyForDeploymentPostprocessing = 0;
		};
/* End PBXSourcesBuildPhase section */

/* Begin PBXVariantGroup section */
		9FB75AB91FA891BC00F1793E /* Main.storyboard */ = {
			isa = PBXVariantGroup;
			children = (
				9FB75ABA1FA891BC00F1793E /* Base */,
			);
			name = Main.storyboard;
			sourceTree = "<group>";
		};
		9FB75ABE1FA891BC00F1793E /* LaunchScreen.storyboard */ = {
			isa = PBXVariantGroup;
			children = (
				9FB75ABF1FA891BC00F1793E /* Base */,
			);
			name = LaunchScreen.storyboard;
			sourceTree = "<group>";
		};
/* End PBXVariantGroup section */

/* Begin XCBuildConfiguration section */
		9FB75AC21FA891BC00F1793E /* Debug */ = {
			isa = XCBuildConfiguration;
			buildSettings = {
				ALWAYS_SEARCH_USER_PATHS = NO;
				CLANG_ANALYZER_NONNULL = YES;
				CLANG_ANALYZER_NUMBER_OBJECT_CONVERSION = YES_AGGRESSIVE;
				CLANG_CXX_LANGUAGE_STANDARD = "gnu++0x";
				CLANG_CXX_LIBRARY = "libc++";
				CLANG_ENABLE_MODULES = YES;
				CLANG_ENABLE_OBJC_ARC = YES;
				CLANG_WARN_BOOL_CONVERSION = YES;
				CLANG_WARN_CONSTANT_CONVERSION = YES;
				CLANG_WARN_DIRECT_OBJC_ISA_USAGE = YES_ERROR;
				CLANG_WARN_DOCUMENTATION_COMMENTS = YES;
				CLANG_WARN_EMPTY_BODY = YES;
				CLANG_WARN_ENUM_CONVERSION = YES;
				CLANG_WARN_INFINITE_RECURSION = YES;
				CLANG_WARN_INT_CONVERSION = YES;
				CLANG_WARN_OBJC_ROOT_CLASS = YES_ERROR;
				CLANG_WARN_SUSPICIOUS_MOVE = YES;
				CLANG_WARN_UNREACHABLE_CODE = YES;
				CLANG_WARN__DUPLICATE_METHOD_MATCH = YES;
				"CODE_SIGN_IDENTITY[sdk=iphoneos*]" = "iPhone Developer";
				COPY_PHASE_STRIP = NO;
				DEBUG_INFORMATION_FORMAT = dwarf;
				ENABLE_STRICT_OBJC_MSGSEND = YES;
				ENABLE_TESTABILITY = YES;
				GCC_C_LANGUAGE_STANDARD = gnu99;
				GCC_DYNAMIC_NO_PIC = NO;
				GCC_NO_COMMON_BLOCKS = YES;
				GCC_OPTIMIZATION_LEVEL = 0;
				GCC_PREPROCESSOR_DEFINITIONS = (
					"DEBUG=1",
					"$(inherited)",
				);
				GCC_WARN_64_TO_32_BIT_CONVERSION = YES;
				GCC_WARN_ABOUT_RETURN_TYPE = YES_ERROR;
				GCC_WARN_UNDECLARED_SELECTOR = YES;
				GCC_WARN_UNINITIALIZED_AUTOS = YES_AGGRESSIVE;
				GCC_WARN_UNUSED_FUNCTION = YES;
				GCC_WARN_UNUSED_VARIABLE = YES;
				IPHONEOS_DEPLOYMENT_TARGET = 10.3;
				MTL_ENABLE_DEBUG_INFO = YES;
				ONLY_ACTIVE_ARCH = YES;
				SDKROOT = iphoneos;
				SWIFT_ACTIVE_COMPILATION_CONDITIONS = DEBUG;
				SWIFT_OPTIMIZATION_LEVEL = "-Onone";
			};
			name = Debug;
		};
		9FB75AC31FA891BC00F1793E /* Release */ = {
			isa = XCBuildConfiguration;
			buildSettings = {
				ALWAYS_SEARCH_USER_PATHS = NO;
				CLANG_ANALYZER_NONNULL = YES;
				CLANG_ANALYZER_NUMBER_OBJECT_CONVERSION = YES_AGGRESSIVE;
				CLANG_CXX_LANGUAGE_STANDARD = "gnu++0x";
				CLANG_CXX_LIBRARY = "libc++";
				CLANG_ENABLE_MODULES = YES;
				CLANG_ENABLE_OBJC_ARC = YES;
				CLANG_WARN_BOOL_CONVERSION = YES;
				CLANG_WARN_CONSTANT_CONVERSION = YES;
				CLANG_WARN_DIRECT_OBJC_ISA_USAGE = YES_ERROR;
				CLANG_WARN_DOCUMENTATION_COMMENTS = YES;
				CLANG_WARN_EMPTY_BODY = YES;
				CLANG_WARN_ENUM_CONVERSION = YES;
				CLANG_WARN_INFINITE_RECURSION = YES;
				CLANG_WARN_INT_CONVERSION = YES;
				CLANG_WARN_OBJC_ROOT_CLASS = YES_ERROR;
				CLANG_WARN_SUSPICIOUS_MOVE = YES;
				CLANG_WARN_UNREACHABLE_CODE = YES;
				CLANG_WARN__DUPLICATE_METHOD_MATCH = YES;
				"CODE_SIGN_IDENTITY[sdk=iphoneos*]" = "iPhone Developer";
				COPY_PHASE_STRIP = NO;
				DEBUG_INFORMATION_FORMAT = "dwarf-with-dsym";
				ENABLE_NS_ASSERTIONS = NO;
				ENABLE_STRICT_OBJC_MSGSEND = YES;
				GCC_C_LANGUAGE_STANDARD = gnu99;
				GCC_NO_COMMON_BLOCKS = YES;
				GCC_WARN_64_TO_32_BIT_CONVERSION = YES;
				GCC_WARN_ABOUT_RETURN_TYPE = YES_ERROR;
				GCC_WARN_UNDECLARED_SELECTOR = YES;
				GCC_WARN_UNINITIALIZED_AUTOS = YES_AGGRESSIVE;
				GCC_WARN_UNUSED_FUNCTION = YES;
				GCC_WARN_UNUSED_VARIABLE = YES;
				IPHONEOS_DEPLOYMENT_TARGET = 10.3;
				MTL_ENABLE_DEBUG_INFO = NO;
				SDKROOT = iphoneos;
				SWIFT_OPTIMIZATION_LEVEL = "-Owholemodule";
				VALIDATE_PRODUCT = YES;
			};
			name = Release;
		};
		9FB75AC51FA891BC00F1793E /* Debug */ = {
			isa = XCBuildConfiguration;
			baseConfigurationReference = 46D5294466EAEA32763FDCB7 /* Pods-WorldNews.debug.xcconfig */;
			buildSettings = {
				ASSETCATALOG_COMPILER_APPICON_NAME = AppIcon;
				INFOPLIST_FILE = WorldNews/Info.plist;
				LD_RUNPATH_SEARCH_PATHS = "$(inherited) @executable_path/Frameworks";
				PRODUCT_BUNDLE_IDENTIFIER = com.ba9nist.WorldNews;
				PRODUCT_NAME = "$(TARGET_NAME)";
				SWIFT_VERSION = 3.0;
			};
			name = Debug;
		};
		9FB75AC61FA891BC00F1793E /* Release */ = {
			isa = XCBuildConfiguration;
			baseConfigurationReference = 5F2A3451720BCE2A06ED7CE4 /* Pods-WorldNews.release.xcconfig */;
			buildSettings = {
				ASSETCATALOG_COMPILER_APPICON_NAME = AppIcon;
				INFOPLIST_FILE = WorldNews/Info.plist;
				LD_RUNPATH_SEARCH_PATHS = "$(inherited) @executable_path/Frameworks";
				PRODUCT_BUNDLE_IDENTIFIER = com.ba9nist.WorldNews;
				PRODUCT_NAME = "$(TARGET_NAME)";
				SWIFT_VERSION = 3.0;
			};
			name = Release;
		};
/* End XCBuildConfiguration section */

/* Begin XCConfigurationList section */
		9FB75AAD1FA891BC00F1793E /* Build configuration list for PBXProject "WorldNews" */ = {
			isa = XCConfigurationList;
			buildConfigurations = (
				9FB75AC21FA891BC00F1793E /* Debug */,
				9FB75AC31FA891BC00F1793E /* Release */,
			);
			defaultConfigurationIsVisible = 0;
			defaultConfigurationName = Release;
		};
		9FB75AC41FA891BC00F1793E /* Build configuration list for PBXNativeTarget "WorldNews" */ = {
			isa = XCConfigurationList;
			buildConfigurations = (
				9FB75AC51FA891BC00F1793E /* Debug */,
				9FB75AC61FA891BC00F1793E /* Release */,
			);
			defaultConfigurationIsVisible = 0;
			defaultConfigurationName = Release;
		};
/* End XCConfigurationList section */
	};
	rootObject = 9FB75AAA1FA891BC00F1793E /* Project object */;
}
